
Microsoft Visual Studio Solution File, Format Version 12.00
Project("{FAE04EC0-301F-11D3-BF4B-00C04F79EFBC}") = "CustomerId", "CustomerId\CustomerId.csproj", "{19393A8B-F7FA-46D5-99A6-45B3992EDC67}"
EndProject
Global
	GlobalSection(SolutionConfigurationPlatforms) = preSolution
		Debug|Any CPU = Debug|Any CPU
		Release|Any CPU = Release|Any CPU
	EndGlobalSection
	GlobalSection(ProjectConfigurationPlatforms) = postSolution
		{19393A8B-F7FA-46D5-99A6-45B3992EDC67}.Debug|Any CPU.ActiveCfg = Debug|Any CPU
		{19393A8B-F7FA-46D5-99A6-45B3992EDC67}.Debug|Any CPU.Build.0 = Debug|Any CPU
		{19393A8B-F7FA-46D5-99A6-45B3992EDC67}.Release|Any CPU.ActiveCfg = Release|Any CPU
		{19393A8B-F7FA-46D5-99A6-45B3992EDC67}.Release|Any CPU.Build.0 = Release|Any CPU
	EndGlobalSection
EndGlobal
